// !$*UTF8*$!
{
	archiveVersion = 1;
	classes = {
	};
	objectVersion = 50;
	objects = {

/* Begin PBXBuildFile section */
		5E3EA2FCA08332C0237E3C68 /* libPods-PuddingLight.a in Frameworks */ = {isa = PBXBuildFile; fileRef = 7DDAB7AA4E7AC8509E7FE5BC /* libPods-PuddingLight.a */; };
		B506C82124DA9870002F07FF /* ConnectingViewController.swift in Sources */ = {isa = PBXBuildFile; fileRef = B506C82024DA9870002F07FF /* ConnectingViewController.swift */; };
		B506C82324DAAA44002F07FF /* BlueToothTool.swift in Sources */ = {isa = PBXBuildFile; fileRef = B506C82224DAAA44002F07FF /* BlueToothTool.swift */; };
		B506C82F24DB99A5002F07FF /* DeviceCell.swift in Sources */ = {isa = PBXBuildFile; fileRef = B506C82E24DB99A5002F07FF /* DeviceCell.swift */; };
		B506C83424DBA674002F07FF /* DataTool.m in Sources */ = {isa = PBXBuildFile; fileRef = B506C83224DBA673002F07FF /* DataTool.m */; };
		B524268824D476C000776B3F /* DrawView.swift in Sources */ = {isa = PBXBuildFile; fileRef = B524268724D476C000776B3F /* DrawView.swift */; };
		B524268A24D5104800776B3F /* MainViewController.swift in Sources */ = {isa = PBXBuildFile; fileRef = B524268924D5104800776B3F /* MainViewController.swift */; };
		B524268E24D51FF200776B3F /* HsiMenu.swift in Sources */ = {isa = PBXBuildFile; fileRef = B524268D24D51FF200776B3F /* HsiMenu.swift */; };
		B524269024D5200200776B3F /* HsiMenu.xib in Resources */ = {isa = PBXBuildFile; fileRef = B524268F24D5200200776B3F /* HsiMenu.xib */; };
		B538324E24D80A8500D2F24C /* CctMenu.swift in Sources */ = {isa = PBXBuildFile; fileRef = B538324D24D80A8500D2F24C /* CctMenu.swift */; };
		B538325024D80A8E00D2F24C /* CctMenu.xib in Resources */ = {isa = PBXBuildFile; fileRef = B538324F24D80A8E00D2F24C /* CctMenu.xib */; };
		B58FBBD224DD2C1800970C48 /* SeMenu.swift in Sources */ = {isa = PBXBuildFile; fileRef = B58FBBD124DD2C1800970C48 /* SeMenu.swift */; };
		B58FBBD424DD2C2400970C48 /* SeMenu.xib in Resources */ = {isa = PBXBuildFile; fileRef = B58FBBD324DD2C2400970C48 /* SeMenu.xib */; };
		B58FBBD924DD3F8100970C48 /* Colorimeter.storyboard in Resources */ = {isa = PBXBuildFile; fileRef = B58FBBD824DD3F8100970C48 /* Colorimeter.storyboard */; };
		B58FBBDB24DD40C300970C48 /* ColorimeterViewController.swift in Sources */ = {isa = PBXBuildFile; fileRef = B58FBBDA24DD40C300970C48 /* ColorimeterViewController.swift */; };
		B58FBBF024DE906400970C48 /* QrCodeView.swift in Sources */ = {isa = PBXBuildFile; fileRef = B58FBBEF24DE906400970C48 /* QrCodeView.swift */; };
		B58FBBF224DE906D00970C48 /* QrCodeView.xib in Resources */ = {isa = PBXBuildFile; fileRef = B58FBBF124DE906D00970C48 /* QrCodeView.xib */; };
		B58FBBF924DEA83300970C48 /* QrScan.storyboard in Resources */ = {isa = PBXBuildFile; fileRef = B58FBBF824DEA83300970C48 /* QrScan.storyboard */; };
		B58FBBFB24DEA90200970C48 /* QrScanViewController.swift in Sources */ = {isa = PBXBuildFile; fileRef = B58FBBFA24DEA90200970C48 /* QrScanViewController.swift */; };
		B5D8D3E324D26E2000236D6F /* AppDelegate.swift in Sources */ = {isa = PBXBuildFile; fileRef = B5D8D3E224D26E2000236D6F /* AppDelegate.swift */; };
		B5D8D3E524D26E2000236D6F /* SceneDelegate.swift in Sources */ = {isa = PBXBuildFile; fileRef = B5D8D3E424D26E2000236D6F /* SceneDelegate.swift */; };
		B5D8D3EA24D26E2000236D6F /* Main.storyboard in Resources */ = {isa = PBXBuildFile; fileRef = B5D8D3E824D26E2000236D6F /* Main.storyboard */; };
		B5D8D3EC24D26E2100236D6F /* Assets.xcassets in Resources */ = {isa = PBXBuildFile; fileRef = B5D8D3EB24D26E2100236D6F /* Assets.xcassets */; };
		B5D8D3EF24D26E2100236D6F /* LaunchScreen.storyboard in Resources */ = {isa = PBXBuildFile; fileRef = B5D8D3ED24D26E2100236D6F /* LaunchScreen.storyboard */; };
		B5D8D41824D3B84E00236D6F /* FloatViewController.swift in Sources */ = {isa = PBXBuildFile; fileRef = B5D8D41724D3B84E00236D6F /* FloatViewController.swift */; };
		B5D8D41A24D3C56900236D6F /* BaseViewController.swift in Sources */ = {isa = PBXBuildFile; fileRef = B5D8D41924D3C56900236D6F /* BaseViewController.swift */; };
		B5D8D42024D3F0E800236D6F /* HsiDelegate.swift in Sources */ = {isa = PBXBuildFile; fileRef = B5D8D41F24D3F0E800236D6F /* HsiDelegate.swift */; };
		B5D8D42524D3F13D00236D6F /* HsiTableViewCell.swift in Sources */ = {isa = PBXBuildFile; fileRef = B5D8D42324D3F13D00236D6F /* HsiTableViewCell.swift */; };
		B5D8D42624D3F13D00236D6F /* HsiTableViewCell.xib in Resources */ = {isa = PBXBuildFile; fileRef = B5D8D42424D3F13D00236D6F /* HsiTableViewCell.xib */; };
		B5D8D42F24D44D2300236D6F /* SeDelegate.swift in Sources */ = {isa = PBXBuildFile; fileRef = B5D8D42E24D44D2300236D6F /* SeDelegate.swift */; };
		B5D8D43224D44DC600236D6F /* SeTableViewCell.swift in Sources */ = {isa = PBXBuildFile; fileRef = B5D8D43024D44DC600236D6F /* SeTableViewCell.swift */; };
		B5D8D43324D44DC600236D6F /* SeTableViewCell.xib in Resources */ = {isa = PBXBuildFile; fileRef = B5D8D43124D44DC600236D6F /* SeTableViewCell.xib */; };
/* End PBXBuildFile section */

/* Begin PBXFileReference section */
		459D8B82375D09659FBEC426 /* Pods-PuddingLight.debug.xcconfig */ = {isa = PBXFileReference; includeInIndex = 1; lastKnownFileType = text.xcconfig; name = "Pods-PuddingLight.debug.xcconfig"; path = "Target Support Files/Pods-PuddingLight/Pods-PuddingLight.debug.xcconfig"; sourceTree = "<group>"; };
		645386E328647348550F07EA /* Pods-PuddingLight.release.xcconfig */ = {isa = PBXFileReference; includeInIndex = 1; lastKnownFileType = text.xcconfig; name = "Pods-PuddingLight.release.xcconfig"; path = "Target Support Files/Pods-PuddingLight/Pods-PuddingLight.release.xcconfig"; sourceTree = "<group>"; };
		7DDAB7AA4E7AC8509E7FE5BC /* libPods-PuddingLight.a */ = {isa = PBXFileReference; explicitFileType = archive.ar; includeInIndex = 0; path = "libPods-PuddingLight.a"; sourceTree = BUILT_PRODUCTS_DIR; };
		B506C82024DA9870002F07FF /* ConnectingViewController.swift */ = {isa = PBXFileReference; lastKnownFileType = sourcecode.swift; path = ConnectingViewController.swift; sourceTree = "<group>"; };
		B506C82224DAAA44002F07FF /* BlueToothTool.swift */ = {isa = PBXFileReference; lastKnownFileType = sourcecode.swift; path = BlueToothTool.swift; sourceTree = "<group>"; };
		B506C82E24DB99A5002F07FF /* DeviceCell.swift */ = {isa = PBXFileReference; fileEncoding = 4; lastKnownFileType = sourcecode.swift; name = DeviceCell.swift; path = ../../../../../Desktop/DeviceCell.swift; sourceTree = "<group>"; };
		B506C83124DBA672002F07FF /* PuddingLight-Bridging-Header.h */ = {isa = PBXFileReference; lastKnownFileType = sourcecode.c.h; path = "PuddingLight-Bridging-Header.h"; sourceTree = "<group>"; };
		B506C83224DBA673002F07FF /* DataTool.m */ = {isa = PBXFileReference; fileEncoding = 4; lastKnownFileType = sourcecode.c.objc; path = DataTool.m; sourceTree = "<group>"; };
		B506C83324DBA674002F07FF /* DataTool.h */ = {isa = PBXFileReference; fileEncoding = 4; lastKnownFileType = sourcecode.c.h; path = DataTool.h; sourceTree = "<group>"; };
		B524268724D476C000776B3F /* DrawView.swift */ = {isa = PBXFileReference; lastKnownFileType = sourcecode.swift; path = DrawView.swift; sourceTree = "<group>"; };
		B524268924D5104800776B3F /* MainViewController.swift */ = {isa = PBXFileReference; lastKnownFileType = sourcecode.swift; path = MainViewController.swift; sourceTree = "<group>"; };
		B524268D24D51FF200776B3F /* HsiMenu.swift */ = {isa = PBXFileReference; lastKnownFileType = sourcecode.swift; path = HsiMenu.swift; sourceTree = "<group>"; };
		B524268F24D5200200776B3F /* HsiMenu.xib */ = {isa = PBXFileReference; lastKnownFileType = file.xib; path = HsiMenu.xib; sourceTree = "<group>"; };
		B538324D24D80A8500D2F24C /* CctMenu.swift */ = {isa = PBXFileReference; lastKnownFileType = sourcecode.swift; path = CctMenu.swift; sourceTree = "<group>"; };
		B538324F24D80A8E00D2F24C /* CctMenu.xib */ = {isa = PBXFileReference; lastKnownFileType = file.xib; path = CctMenu.xib; sourceTree = "<group>"; };
		B58FBBD124DD2C1800970C48 /* SeMenu.swift */ = {isa = PBXFileReference; lastKnownFileType = sourcecode.swift; path = SeMenu.swift; sourceTree = "<group>"; };
		B58FBBD324DD2C2400970C48 /* SeMenu.xib */ = {isa = PBXFileReference; lastKnownFileType = file.xib; path = SeMenu.xib; sourceTree = "<group>"; };
		B58FBBD824DD3F8100970C48 /* Colorimeter.storyboard */ = {isa = PBXFileReference; lastKnownFileType = file.storyboard; path = Colorimeter.storyboard; sourceTree = "<group>"; };
		B58FBBDA24DD40C300970C48 /* ColorimeterViewController.swift */ = {isa = PBXFileReference; lastKnownFileType = sourcecode.swift; path = ColorimeterViewController.swift; sourceTree = "<group>"; };
		B58FBBEF24DE906400970C48 /* QrCodeView.swift */ = {isa = PBXFileReference; lastKnownFileType = sourcecode.swift; path = QrCodeView.swift; sourceTree = "<group>"; };
		B58FBBF124DE906D00970C48 /* QrCodeView.xib */ = {isa = PBXFileReference; lastKnownFileType = file.xib; path = QrCodeView.xib; sourceTree = "<group>"; };
		B58FBBF824DEA83300970C48 /* QrScan.storyboard */ = {isa = PBXFileReference; lastKnownFileType = file.storyboard; path = QrScan.storyboard; sourceTree = "<group>"; };
		B58FBBFA24DEA90200970C48 /* QrScanViewController.swift */ = {isa = PBXFileReference; lastKnownFileType = sourcecode.swift; path = QrScanViewController.swift; sourceTree = "<group>"; };
		B5D8D3DF24D26E2000236D6F /* PuddingLight.app */ = {isa = PBXFileReference; explicitFileType = wrapper.application; includeInIndex = 0; path = PuddingLight.app; sourceTree = BUILT_PRODUCTS_DIR; };
		B5D8D3E224D26E2000236D6F /* AppDelegate.swift */ = {isa = PBXFileReference; lastKnownFileType = sourcecode.swift; path = AppDelegate.swift; sourceTree = "<group>"; };
		B5D8D3E424D26E2000236D6F /* SceneDelegate.swift */ = {isa = PBXFileReference; lastKnownFileType = sourcecode.swift; path = SceneDelegate.swift; sourceTree = "<group>"; };
		B5D8D3E924D26E2000236D6F /* Base */ = {isa = PBXFileReference; lastKnownFileType = file.storyboard; name = Base; path = Base.lproj/Main.storyboard; sourceTree = "<group>"; };
		B5D8D3EB24D26E2100236D6F /* Assets.xcassets */ = {isa = PBXFileReference; lastKnownFileType = folder.assetcatalog; path = Assets.xcassets; sourceTree = "<group>"; };
		B5D8D3EE24D26E2100236D6F /* Base */ = {isa = PBXFileReference; lastKnownFileType = file.storyboard; name = Base; path = Base.lproj/LaunchScreen.storyboard; sourceTree = "<group>"; };
		B5D8D3F024D26E2100236D6F /* Info.plist */ = {isa = PBXFileReference; lastKnownFileType = text.plist.xml; path = Info.plist; sourceTree = "<group>"; };
		B5D8D41724D3B84E00236D6F /* FloatViewController.swift */ = {isa = PBXFileReference; lastKnownFileType = sourcecode.swift; path = FloatViewController.swift; sourceTree = "<group>"; };
		B5D8D41924D3C56900236D6F /* BaseViewController.swift */ = {isa = PBXFileReference; lastKnownFileType = sourcecode.swift; path = BaseViewController.swift; sourceTree = "<group>"; };
		B5D8D41F24D3F0E800236D6F /* HsiDelegate.swift */ = {isa = PBXFileReference; lastKnownFileType = sourcecode.swift; path = HsiDelegate.swift; sourceTree = "<group>"; };
		B5D8D42324D3F13D00236D6F /* HsiTableViewCell.swift */ = {isa = PBXFileReference; lastKnownFileType = sourcecode.swift; path = HsiTableViewCell.swift; sourceTree = "<group>"; };
		B5D8D42424D3F13D00236D6F /* HsiTableViewCell.xib */ = {isa = PBXFileReference; lastKnownFileType = file.xib; path = HsiTableViewCell.xib; sourceTree = "<group>"; };
		B5D8D42E24D44D2300236D6F /* SeDelegate.swift */ = {isa = PBXFileReference; lastKnownFileType = sourcecode.swift; path = SeDelegate.swift; sourceTree = "<group>"; };
		B5D8D43024D44DC600236D6F /* SeTableViewCell.swift */ = {isa = PBXFileReference; lastKnownFileType = sourcecode.swift; path = SeTableViewCell.swift; sourceTree = "<group>"; };
		B5D8D43124D44DC600236D6F /* SeTableViewCell.xib */ = {isa = PBXFileReference; lastKnownFileType = file.xib; path = SeTableViewCell.xib; sourceTree = "<group>"; };
/* End PBXFileReference section */

/* Begin PBXFrameworksBuildPhase section */
		B5D8D3DC24D26E2000236D6F /* Frameworks */ = {
			isa = PBXFrameworksBuildPhase;
			buildActionMask = 2147483647;
			files = (
				5E3EA2FCA08332C0237E3C68 /* libPods-PuddingLight.a in Frameworks */,
			);
			runOnlyForDeploymentPostprocessing = 0;
		};
/* End PBXFrameworksBuildPhase section */

/* Begin PBXGroup section */
		6544EAD31DA9F454C8D7F972 /* Frameworks */ = {
			isa = PBXGroup;
			children = (
				7DDAB7AA4E7AC8509E7FE5BC /* libPods-PuddingLight.a */,
			);
			name = Frameworks;
			sourceTree = "<group>";
		};
		B506C83024DBA664002F07FF /* Utils */ = {
			isa = PBXGroup;
			children = (
				B506C83324DBA674002F07FF /* DataTool.h */,
				B506C83224DBA673002F07FF /* DataTool.m */,
				B506C83124DBA672002F07FF /* PuddingLight-Bridging-Header.h */,
			);
			path = Utils;
			sourceTree = "<group>";
		};
		B524269124D56F7400776B3F /* Hsi */ = {
			isa = PBXGroup;
			children = (
				B5D8D42324D3F13D00236D6F /* HsiTableViewCell.swift */,
				B5D8D42424D3F13D00236D6F /* HsiTableViewCell.xib */,
				B524268724D476C000776B3F /* DrawView.swift */,
				B5D8D41F24D3F0E800236D6F /* HsiDelegate.swift */,
				B524268D24D51FF200776B3F /* HsiMenu.swift */,
				B524268F24D5200200776B3F /* HsiMenu.xib */,
			);
			path = Hsi;
			sourceTree = "<group>";
		};
		B524269224D5741100776B3F /* Cct */ = {
			isa = PBXGroup;
			children = (
				B538324D24D80A8500D2F24C /* CctMenu.swift */,
				B538324F24D80A8E00D2F24C /* CctMenu.xib */,
			);
			path = Cct;
			sourceTree = "<group>";
		};
		B538325A24D9366100D2F24C /* Se */ = {
			isa = PBXGroup;
			children = (
				B5D8D42E24D44D2300236D6F /* SeDelegate.swift */,
				B5D8D43024D44DC600236D6F /* SeTableViewCell.swift */,
				B5D8D43124D44DC600236D6F /* SeTableViewCell.xib */,
				B58FBBD124DD2C1800970C48 /* SeMenu.swift */,
				B58FBBD324DD2C2400970C48 /* SeMenu.xib */,
			);
			path = Se;
			sourceTree = "<group>";
		};
		B58FBBEE24DE8C1700970C48 /* QRcode */ = {
			isa = PBXGroup;
			children = (
				B58FBBEF24DE906400970C48 /* QrCodeView.swift */,
				B58FBBF124DE906D00970C48 /* QrCodeView.xib */,
			);
			path = QRcode;
			sourceTree = "<group>";
		};
		B5D8D3D624D26E2000236D6F = {
			isa = PBXGroup;
			children = (
				B5D8D3E124D26E2000236D6F /* PuddingLight */,
				B5D8D3E024D26E2000236D6F /* Products */,
				EE4320B92E38F981AD7AFCB4 /* Pods */,
				6544EAD31DA9F454C8D7F972 /* Frameworks */,
			);
			sourceTree = "<group>";
		};
		B5D8D3E024D26E2000236D6F /* Products */ = {
			isa = PBXGroup;
			children = (
				B5D8D3DF24D26E2000236D6F /* PuddingLight.app */,
			);
			name = Products;
			sourceTree = "<group>";
		};
		B5D8D3E124D26E2000236D6F /* PuddingLight */ = {
			isa = PBXGroup;
			children = (
				B5D8D3E224D26E2000236D6F /* AppDelegate.swift */,
				B5D8D3E424D26E2000236D6F /* SceneDelegate.swift */,
				B506C83024DBA664002F07FF /* Utils */,
				B5D8D40424D2AEFE00236D6F /* UI */,
				B5D8D40524D2AF1300236D6F /* Controller */,
				B5D8D3EB24D26E2100236D6F /* Assets.xcassets */,
				B5D8D3F024D26E2100236D6F /* Info.plist */,
			);
			path = PuddingLight;
			sourceTree = "<group>";
		};
		B5D8D40424D2AEFE00236D6F /* UI */ = {
			isa = PBXGroup;
			children = (
				B5D8D40624D2AF2300236D6F /* Model */,
				B5D8D3ED24D26E2100236D6F /* LaunchScreen.storyboard */,
				B58FBBF824DEA83300970C48 /* QrScan.storyboard */,
				B5D8D3E824D26E2000236D6F /* Main.storyboard */,
				B58FBBD824DD3F8100970C48 /* Colorimeter.storyboard */,
			);
			path = UI;
			sourceTree = "<group>";
		};
		B5D8D40524D2AF1300236D6F /* Controller */ = {
			isa = PBXGroup;
			children = (
				B5D8D41924D3C56900236D6F /* BaseViewController.swift */,
				B524268924D5104800776B3F /* MainViewController.swift */,
				B5D8D41724D3B84E00236D6F /* FloatViewController.swift */,
				B506C82224DAAA44002F07FF /* BlueToothTool.swift */,
				B506C82E24DB99A5002F07FF /* DeviceCell.swift */,
				B506C82024DA9870002F07FF /* ConnectingViewController.swift */,
				B58FBBDA24DD40C300970C48 /* ColorimeterViewController.swift */,
				B58FBBFA24DEA90200970C48 /* QrScanViewController.swift */,
			);
			path = Controller;
			sourceTree = "<group>";
		};
		B5D8D40624D2AF2300236D6F /* Model */ = {
			isa = PBXGroup;
			children = (
				B58FBBEE24DE8C1700970C48 /* QRcode */,
				B538325A24D9366100D2F24C /* Se */,
				B524269224D5741100776B3F /* Cct */,
				B524269124D56F7400776B3F /* Hsi */,
			);
			path = Model;
			sourceTree = "<group>";
		};
		EE4320B92E38F981AD7AFCB4 /* Pods */ = {
			isa = PBXGroup;
			children = (
				459D8B82375D09659FBEC426 /* Pods-PuddingLight.debug.xcconfig */,
				645386E328647348550F07EA /* Pods-PuddingLight.release.xcconfig */,
			);
			path = Pods;
			sourceTree = "<group>";
		};
/* End PBXGroup section */

/* Begin PBXNativeTarget section */
		B5D8D3DE24D26E2000236D6F /* PuddingLight */ = {
			isa = PBXNativeTarget;
			buildConfigurationList = B5D8D3F324D26E2100236D6F /* Build configuration list for PBXNativeTarget "PuddingLight" */;
			buildPhases = (
				6C6FC20263C5F2C0F9F4FFAC /* [CP] Check Pods Manifest.lock */,
				B5D8D3DB24D26E2000236D6F /* Sources */,
				B5D8D3DC24D26E2000236D6F /* Frameworks */,
				B5D8D3DD24D26E2000236D6F /* Resources */,
			);
			buildRules = (
			);
			dependencies = (
			);
			name = PuddingLight;
			productName = PuddingLight;
			productReference = B5D8D3DF24D26E2000236D6F /* PuddingLight.app */;
			productType = "com.apple.product-type.application";
		};
/* End PBXNativeTarget section */

/* Begin PBXProject section */
		B5D8D3D724D26E2000236D6F /* Project object */ = {
			isa = PBXProject;
			attributes = {
				LastSwiftUpdateCheck = 1160;
				LastUpgradeCheck = 1160;
				ORGANIZATIONNAME = Ben;
				TargetAttributes = {
					B5D8D3DE24D26E2000236D6F = {
						CreatedOnToolsVersion = 11.6;
						LastSwiftMigration = 1160;
					};
				};
			};
			buildConfigurationList = B5D8D3DA24D26E2000236D6F /* Build configuration list for PBXProject "PuddingLight" */;
			compatibilityVersion = "Xcode 9.3";
			developmentRegion = en;
			hasScannedForEncodings = 0;
			knownRegions = (
				en,
				Base,
			);
			mainGroup = B5D8D3D624D26E2000236D6F;
			productRefGroup = B5D8D3E024D26E2000236D6F /* Products */;
			projectDirPath = "";
			projectRoot = "";
			targets = (
				B5D8D3DE24D26E2000236D6F /* PuddingLight */,
			);
		};
/* End PBXProject section */

/* Begin PBXResourcesBuildPhase section */
		B5D8D3DD24D26E2000236D6F /* Resources */ = {
			isa = PBXResourcesBuildPhase;
			buildActionMask = 2147483647;
			files = (
				B58FBBD924DD3F8100970C48 /* Colorimeter.storyboard in Resources */,
				B58FBBD424DD2C2400970C48 /* SeMenu.xib in Resources */,
				B5D8D42624D3F13D00236D6F /* HsiTableViewCell.xib in Resources */,
				B524269024D5200200776B3F /* HsiMenu.xib in Resources */,
				B5D8D3EF24D26E2100236D6F /* LaunchScreen.storyboard in Resources */,
				B5D8D3EC24D26E2100236D6F /* Assets.xcassets in Resources */,
				B5D8D3EA24D26E2000236D6F /* Main.storyboard in Resources */,
				B538325024D80A8E00D2F24C /* CctMenu.xib in Resources */,
				B58FBBF924DEA83300970C48 /* QrScan.storyboard in Resources */,
				B58FBBF224DE906D00970C48 /* QrCodeView.xib in Resources */,
				B5D8D43324D44DC600236D6F /* SeTableViewCell.xib in Resources */,
			);
			runOnlyForDeploymentPostprocessing = 0;
		};
/* End PBXResourcesBuildPhase section */

/* Begin PBXShellScriptBuildPhase section */
		6C6FC20263C5F2C0F9F4FFAC /* [CP] Check Pods Manifest.lock */ = {
			isa = PBXShellScriptBuildPhase;
			buildActionMask = 2147483647;
			files = (
			);
			inputFileListPaths = (
			);
			inputPaths = (
				"${PODS_PODFILE_DIR_PATH}/Podfile.lock",
				"${PODS_ROOT}/Manifest.lock",
			);
			name = "[CP] Check Pods Manifest.lock";
			outputFileListPaths = (
			);
			outputPaths = (
				"$(DERIVED_FILE_DIR)/Pods-PuddingLight-checkManifestLockResult.txt",
			);
			runOnlyForDeploymentPostprocessing = 0;
			shellPath = /bin/sh;
			shellScript = "diff \"${PODS_PODFILE_DIR_PATH}/Podfile.lock\" \"${PODS_ROOT}/Manifest.lock\" > /dev/null\nif [ $? != 0 ] ; then\n    # print error to STDERR\n    echo \"error: The sandbox is not in sync with the Podfile.lock. Run 'pod install' or update your CocoaPods installation.\" >&2\n    exit 1\nfi\n# This output is used by Xcode 'outputs' to avoid re-running this script phase.\necho \"SUCCESS\" > \"${SCRIPT_OUTPUT_FILE_0}\"\n";
			showEnvVarsInLog = 0;
		};
/* End PBXShellScriptBuildPhase section */

/* Begin PBXSourcesBuildPhase section */
		B5D8D3DB24D26E2000236D6F /* Sources */ = {
			isa = PBXSourcesBuildPhase;
			buildActionMask = 2147483647;
			files = (
				B524268A24D5104800776B3F /* MainViewController.swift in Sources */,
				B5D8D3E324D26E2000236D6F /* AppDelegate.swift in Sources */,
				B58FBBDB24DD40C300970C48 /* ColorimeterViewController.swift in Sources */,
				B506C82324DAAA44002F07FF /* BlueToothTool.swift in Sources */,
				B524268824D476C000776B3F /* DrawView.swift in Sources */,
				B5D8D41824D3B84E00236D6F /* FloatViewController.swift in Sources */,
				B506C83424DBA674002F07FF /* DataTool.m in Sources */,
				B538324E24D80A8500D2F24C /* CctMenu.swift in Sources */,
				B5D8D3E524D26E2000236D6F /* SceneDelegate.swift in Sources */,
				B506C82F24DB99A5002F07FF /* DeviceCell.swift in Sources */,
				B524268E24D51FF200776B3F /* HsiMenu.swift in Sources */,
				B5D8D42524D3F13D00236D6F /* HsiTableViewCell.swift in Sources */,
				B5D8D41A24D3C56900236D6F /* BaseViewController.swift in Sources */,
				B5D8D42F24D44D2300236D6F /* SeDelegate.swift in Sources */,
				B5D8D43224D44DC600236D6F /* SeTableViewCell.swift in Sources */,
				B58FBBD224DD2C1800970C48 /* SeMenu.swift in Sources */,
				B58FBBFB24DEA90200970C48 /* QrScanViewController.swift in Sources */,
				B58FBBF024DE906400970C48 /* QrCodeView.swift in Sources */,
				B5D8D42024D3F0E800236D6F /* HsiDelegate.swift in Sources */,
				B506C82124DA9870002F07FF /* ConnectingViewController.swift in Sources */,
			);
			runOnlyForDeploymentPostprocessing = 0;
		};
/* End PBXSourcesBuildPhase section */

/* Begin PBXVariantGroup section */
		B5D8D3E824D26E2000236D6F /* Main.storyboard */ = {
			isa = PBXVariantGroup;
			children = (
				B5D8D3E924D26E2000236D6F /* Base */,
			);
			name = Main.storyboard;
			sourceTree = "<group>";
		};
		B5D8D3ED24D26E2100236D6F /* LaunchScreen.storyboard */ = {
			isa = PBXVariantGroup;
			children = (
				B5D8D3EE24D26E2100236D6F /* Base */,
			);
			name = LaunchScreen.storyboard;
			sourceTree = "<group>";
		};
/* End PBXVariantGroup section */

/* Begin XCBuildConfiguration section */
		B5D8D3F124D26E2100236D6F /* Debug */ = {
			isa = XCBuildConfiguration;
			buildSettings = {
				ALWAYS_SEARCH_USER_PATHS = NO;
				CLANG_ANALYZER_NONNULL = YES;
				CLANG_ANALYZER_NUMBER_OBJECT_CONVERSION = YES_AGGRESSIVE;
				CLANG_CXX_LANGUAGE_STANDARD = "gnu++14";
				CLANG_CXX_LIBRARY = "libc++";
				CLANG_ENABLE_MODULES = YES;
				CLANG_ENABLE_OBJC_ARC = YES;
				CLANG_ENABLE_OBJC_WEAK = YES;
				CLANG_WARN_BLOCK_CAPTURE_AUTORELEASING = YES;
				CLANG_WARN_BOOL_CONVERSION = YES;
				CLANG_WARN_COMMA = YES;
				CLANG_WARN_CONSTANT_CONVERSION = YES;
				CLANG_WARN_DEPRECATED_OBJC_IMPLEMENTATIONS = YES;
				CLANG_WARN_DIRECT_OBJC_ISA_USAGE = YES_ERROR;
				CLANG_WARN_DOCUMENTATION_COMMENTS = YES;
				CLANG_WARN_EMPTY_BODY = YES;
				CLANG_WARN_ENUM_CONVERSION = YES;
				CLANG_WARN_INFINITE_RECURSION = YES;
				CLANG_WARN_INT_CONVERSION = YES;
				CLANG_WARN_NON_LITERAL_NULL_CONVERSION = YES;
				CLANG_WARN_OBJC_IMPLICIT_RETAIN_SELF = YES;
				CLANG_WARN_OBJC_LITERAL_CONVERSION = YES;
				CLANG_WARN_OBJC_ROOT_CLASS = YES_ERROR;
				CLANG_WARN_RANGE_LOOP_ANALYSIS = YES;
				CLANG_WARN_STRICT_PROTOTYPES = YES;
				CLANG_WARN_SUSPICIOUS_MOVE = YES;
				CLANG_WARN_UNGUARDED_AVAILABILITY = YES_AGGRESSIVE;
				CLANG_WARN_UNREACHABLE_CODE = YES;
				CLANG_WARN__DUPLICATE_METHOD_MATCH = YES;
				COPY_PHASE_STRIP = NO;
				DEBUG_INFORMATION_FORMAT = dwarf;
				ENABLE_STRICT_OBJC_MSGSEND = YES;
				ENABLE_TESTABILITY = YES;
				GCC_C_LANGUAGE_STANDARD = gnu11;
				GCC_DYNAMIC_NO_PIC = NO;
				GCC_NO_COMMON_BLOCKS = YES;
				GCC_OPTIMIZATION_LEVEL = 0;
				GCC_PREPROCESSOR_DEFINITIONS = (
					"DEBUG=1",
					"$(inherited)",
				);
				GCC_WARN_64_TO_32_BIT_CONVERSION = YES;
				GCC_WARN_ABOUT_RETURN_TYPE = YES_ERROR;
				GCC_WARN_UNDECLARED_SELECTOR = YES;
				GCC_WARN_UNINITIALIZED_AUTOS = YES_AGGRESSIVE;
				GCC_WARN_UNUSED_FUNCTION = YES;
				GCC_WARN_UNUSED_VARIABLE = YES;
				IPHONEOS_DEPLOYMENT_TARGET = 13.6;
				MTL_ENABLE_DEBUG_INFO = INCLUDE_SOURCE;
				MTL_FAST_MATH = YES;
				ONLY_ACTIVE_ARCH = YES;
				SDKROOT = iphoneos;
				SWIFT_ACTIVE_COMPILATION_CONDITIONS = DEBUG;
				SWIFT_OPTIMIZATION_LEVEL = "-Onone";
			};
			name = Debug;
		};
		B5D8D3F224D26E2100236D6F /* Release */ = {
			isa = XCBuildConfiguration;
			buildSettings = {
				ALWAYS_SEARCH_USER_PATHS = NO;
				CLANG_ANALYZER_NONNULL = YES;
				CLANG_ANALYZER_NUMBER_OBJECT_CONVERSION = YES_AGGRESSIVE;
				CLANG_CXX_LANGUAGE_STANDARD = "gnu++14";
				CLANG_CXX_LIBRARY = "libc++";
				CLANG_ENABLE_MODULES = YES;
				CLANG_ENABLE_OBJC_ARC = YES;
				CLANG_ENABLE_OBJC_WEAK = YES;
				CLANG_WARN_BLOCK_CAPTURE_AUTORELEASING = YES;
				CLANG_WARN_BOOL_CONVERSION = YES;
				CLANG_WARN_COMMA = YES;
				CLANG_WARN_CONSTANT_CONVERSION = YES;
				CLANG_WARN_DEPRECATED_OBJC_IMPLEMENTATIONS = YES;
				CLANG_WARN_DIRECT_OBJC_ISA_USAGE = YES_ERROR;
				CLANG_WARN_DOCUMENTATION_COMMENTS = YES;
				CLANG_WARN_EMPTY_BODY = YES;
				CLANG_WARN_ENUM_CONVERSION = YES;
				CLANG_WARN_INFINITE_RECURSION = YES;
				CLANG_WARN_INT_CONVERSION = YES;
				CLANG_WARN_NON_LITERAL_NULL_CONVERSION = YES;
				CLANG_WARN_OBJC_IMPLICIT_RETAIN_SELF = YES;
				CLANG_WARN_OBJC_LITERAL_CONVERSION = YES;
				CLANG_WARN_OBJC_ROOT_CLASS = YES_ERROR;
				CLANG_WARN_RANGE_LOOP_ANALYSIS = YES;
				CLANG_WARN_STRICT_PROTOTYPES = YES;
				CLANG_WARN_SUSPICIOUS_MOVE = YES;
				CLANG_WARN_UNGUARDED_AVAILABILITY = YES_AGGRESSIVE;
				CLANG_WARN_UNREACHABLE_CODE = YES;
				CLANG_WARN__DUPLICATE_METHOD_MATCH = YES;
				COPY_PHASE_STRIP = NO;
				DEBUG_INFORMATION_FORMAT = "dwarf-with-dsym";
				ENABLE_NS_ASSERTIONS = NO;
				ENABLE_STRICT_OBJC_MSGSEND = YES;
				GCC_C_LANGUAGE_STANDARD = gnu11;
				GCC_NO_COMMON_BLOCKS = YES;
				GCC_WARN_64_TO_32_BIT_CONVERSION = YES;
				GCC_WARN_ABOUT_RETURN_TYPE = YES_ERROR;
				GCC_WARN_UNDECLARED_SELECTOR = YES;
				GCC_WARN_UNINITIALIZED_AUTOS = YES_AGGRESSIVE;
				GCC_WARN_UNUSED_FUNCTION = YES;
				GCC_WARN_UNUSED_VARIABLE = YES;
				IPHONEOS_DEPLOYMENT_TARGET = 13.6;
				MTL_ENABLE_DEBUG_INFO = NO;
				MTL_FAST_MATH = YES;
				SDKROOT = iphoneos;
				SWIFT_COMPILATION_MODE = wholemodule;
				SWIFT_OPTIMIZATION_LEVEL = "-O";
				VALIDATE_PRODUCT = YES;
			};
			name = Release;
		};
		B5D8D3F424D26E2100236D6F /* Debug */ = {
			isa = XCBuildConfiguration;
			baseConfigurationReference = 459D8B82375D09659FBEC426 /* Pods-PuddingLight.debug.xcconfig */;
			buildSettings = {
				ASSETCATALOG_COMPILER_APPICON_NAME = AppIcon;
				CLANG_ENABLE_MODULES = YES;
				CODE_SIGN_STYLE = Automatic;
				DEVELOPMENT_TEAM = 5GGZFW379P;
				ENABLE_BITCODE = NO;
				INFOPLIST_FILE = PuddingLight/Info.plist;
				LD_RUNPATH_SEARCH_PATHS = (
					"$(inherited)",
					"@executable_path/Frameworks",
				);
				PRODUCT_BUNDLE_IDENTIFIER = com.ben.PuddingLight;
				PRODUCT_NAME = "$(TARGET_NAME)";
				SWIFT_OBJC_BRIDGING_HEADER = "PuddingLight/Utils/PuddingLight-Bridging-Header.h";
				SWIFT_OPTIMIZATION_LEVEL = "-Onone";
				SWIFT_VERSION = 5.0;
				TARGETED_DEVICE_FAMILY = "1,2";
			};
			name = Debug;
		};
		B5D8D3F524D26E2100236D6F /* Release */ = {
			isa = XCBuildConfiguration;
			baseConfigurationReference = 645386E328647348550F07EA /* Pods-PuddingLight.release.xcconfig */;
			buildSettings = {
				ASSETCATALOG_COMPILER_APPICON_NAME = AppIcon;
				CLANG_ENABLE_MODULES = YES;
				CODE_SIGN_STYLE = Automatic;
				DEVELOPMENT_TEAM = 5GGZFW379P;
				ENABLE_BITCODE = NO;
				INFOPLIST_FILE = PuddingLight/Info.plist;
				LD_RUNPATH_SEARCH_PATHS = (
					"$(inherited)",
					"@executable_path/Frameworks",
				);
				PRODUCT_BUNDLE_IDENTIFIER = com.ben.PuddingLight;
				PRODUCT_NAME = "$(TARGET_NAME)";
				SWIFT_OBJC_BRIDGING_HEADER = "PuddingLight/Utils/PuddingLight-Bridging-Header.h";
				SWIFT_VERSION = 5.0;
				TARGETED_DEVICE_FAMILY = "1,2";
			};
			name = Release;
		};
/* End XCBuildConfiguration section */

/* Begin XCConfigurationList section */
		B5D8D3DA24D26E2000236D6F /* Build configuration list for PBXProject "PuddingLight" */ = {
			isa = XCConfigurationList;
			buildConfigurations = (
				B5D8D3F124D26E2100236D6F /* Debug */,
				B5D8D3F224D26E2100236D6F /* Release */,
			);
			defaultConfigurationIsVisible = 0;
			defaultConfigurationName = Release;
		};
		B5D8D3F324D26E2100236D6F /* Build configuration list for PBXNativeTarget "PuddingLight" */ = {
			isa = XCConfigurationList;
			buildConfigurations = (
				B5D8D3F424D26E2100236D6F /* Debug */,
				B5D8D3F524D26E2100236D6F /* Release */,
			);
			defaultConfigurationIsVisible = 0;
			defaultConfigurationName = Release;
		};
/* End XCConfigurationList section */
	};
	rootObject = B5D8D3D724D26E2000236D6F /* Project object */;
}
